
Microsoft Visual Studio Solution File, Format Version 12.00
# Visual Studio 15
VisualStudioVersion = 15.0.28307.852
MinimumVisualStudioVersion = 10.0.40219.1
Project("{FAE04EC0-301F-11D3-BF4B-00C04F79EFBC}") = "BogusDataDemo", "BogusDataDemo\BogusDataDemo.csproj", "{4FCB48C2-F18E-4924-BC6A-D99753C9ACF6}"
EndProject
Global
	GlobalSection(SolutionConfigurationPlatforms) = preSolution
		Debug|Any CPU = Debug|Any CPU
		Release|Any CPU = Release|Any CPU
	EndGlobalSection
	GlobalSection(ProjectConfigurationPlatforms) = postSolution
		{4FCB48C2-F18E-4924-BC6A-D99753C9ACF6}.Debug|Any CPU.ActiveCfg = Debug|Any CPU
		{4FCB48C2-F18E-4924-BC6A-D99753C9ACF6}.Debug|Any CPU.Build.0 = Debug|Any CPU
		{4FCB48C2-F18E-4924-BC6A-D99753C9ACF6}.Release|Any CPU.ActiveCfg = Release|Any CPU
		{4FCB48C2-F18E-4924-BC6A-D99753C9ACF6}.Release|Any CPU.Build.0 = Release|Any CPU
	EndGlobalSection
	GlobalSection(SolutionProperties) = preSolution
		HideSolutionNode = FALSE
	EndGlobalSection
	GlobalSection(ExtensibilityGlobals) = postSolution
		SolutionGuid = {FAE88114-DF3A-45E9-B514-CAA3F0EB9556}
	EndGlobalSection
EndGlobal
